
Microsoft Visual Studio Solution File, Format Version 12.00
# Visual Studio Version 16
VisualStudioVersion = 16.0.29006.145
MinimumVisualStudioVersion = 10.0.40219.1
Project("{F184B08F-C81C-45F6-A57F-5ABD9991F28F}") = "Helios.Cont.Data.EF", "HELIOS.CONT.DATA.EF\Helios.Cont.Data.EF.vbproj", "{1366F6FA-E886-46E1-8B60-3AEEB43CC5BF}"
EndProject
Project("{F184B08F-C81C-45F6-A57F-5ABD9991F28F}") = "Helios.Cont.Business.Entity", "Helios.Cont.Business.Entity\Helios.Cont.Business.Entity.vbproj", "{48FA6C66-AD41-4CEB-85EB-530A8C02427C}"
EndProject
Project("{2150E333-8FDC-42A3-9474-1A3956D46DE8}") = "01_CAPA_DATOS", "01_CAPA_DATOS", "{085C386B-DD18-4D96-931A-47B0FCEC249B}"
EndProject
Project("{2150E333-8FDC-42A3-9474-1A3956D46DE8}") = "02_CAPA_NEGOCIO", "02_CAPA_NEGOCIO", "{B0BF1667-70F3-4A01-B753-66C665E7E0EF}"
EndProject
Project("{F184B08F-C81C-45F6-A57F-5ABD9991F28F}") = "Helios.Cont.Business.Logic", "Helios.Cont.Business.Logic\Helios.Cont.Business.Logic.vbproj", "{EF04C027-06BB-42C7-B16D-CACA30098906}"
EndProject
Project("{F184B08F-C81C-45F6-A57F-5ABD9991F28F}") = "Helios.General", "Helios.General\Helios.General.vbproj", "{AA4A8086-67C4-486E-BA77-09AD6D6AAC61}"
EndProject
Project("{2150E333-8FDC-42A3-9474-1A3956D46DE8}") = "03_CAPA_SERVICIO_DISTRIBUIDO", "03_CAPA_SERVICIO_DISTRIBUIDO", "{BEE0BD73-78A7-4903-A29B-5E3DC10C020D}"
EndProject
Project("{F184B08F-C81C-45F6-A57F-5ABD9991F28F}") = "Helios.Cont.WCFService.ServiceImplementation", "Helios.Cont.WCFService\Helios.Cont.WCFService.ServiceImplementation.vbproj", "{F9CDB651-D02D-4A52-94BA-E049A82FF165}"
EndProject
Project("{F184B08F-C81C-45F6-A57F-5ABD9991F28F}") = "Helios.Cont.WCFService.ServiceContract", "Helios.Cont.WCFService.Contract\Helios.Cont.WCFService.ServiceContract.vbproj", "{FCB5C927-EB12-4AA8-B373-BA90B5FFC5FD}"
EndProject
Project("{2150E333-8FDC-42A3-9474-1A3956D46DE8}") = "04_CAPA_PRESENTACION", "04_CAPA_PRESENTACION", "{25B330F2-8B98-497A-A030-EC2C583C7CCB}"
EndProject
Project("{F184B08F-C81C-45F6-A57F-5ABD9991F28F}") = "Helios.Cont.Presentation.WinForm", "Helios.Cont.UI.WinForm\Helios.Cont.Presentation.WinForm.vbproj", "{D9336FAA-A29C-4C3F-8612-7A57211CBF44}"
	ProjectSection(ProjectDependencies) = postProject
		{F9CDB651-D02D-4A52-94BA-E049A82FF165} = {F9CDB651-D02D-4A52-94BA-E049A82FF165}
	EndProjectSection
EndProject
Project("{F184B08F-C81C-45F6-A57F-5ABD9991F28F}") = "Helios.Cont.WCFService.ServiceAccess", "Helios.Cont.WCFService.ServiceAccess\Helios.Cont.WCFService.ServiceAccess.vbproj", "{3D096505-D407-4806-86F2-005438F5E1C1}"
EndProject
Project("{2150E333-8FDC-42A3-9474-1A3956D46DE8}") = "00_UTILITARIOS", "00_UTILITARIOS", "{D860DBB6-BFB1-406D-8E74-442F979D6A25}"
EndProject
Project("{F184B08F-C81C-45F6-A57F-5ABD9991F28F}") = "Helios.Seguridad.Data.EF", "Helios.Seguridad.Data.EF\Helios.Seguridad.Data.EF.vbproj", "{6D035DF7-3E19-45CE-BE62-6299D8B2DC86}"
EndProject
Project("{F184B08F-C81C-45F6-A57F-5ABD9991F28F}") = "Helios.Seguridad.Business.Entity", "Helios.Seguridad.Business.Entity\Helios.Seguridad.Business.Entity.vbproj", "{6390360B-54EF-4BEA-B32F-D169292A6D34}"
EndProject
Project("{F184B08F-C81C-45F6-A57F-5ABD9991F28F}") = "Helios.Seguridad.Business.Logic", "Helios.Seguridad.Business.Logic\Helios.Seguridad.Business.Logic.vbproj", "{56FF50EA-BA8E-4F3B-A844-F3D77A3691A1}"
EndProject
Project("{F184B08F-C81C-45F6-A57F-5ABD9991F28F}") = "Helios.Seguridad.WCFService.ServiceContract", "Helios.Seguridad.WCFService.ServiceContract\Helios.Seguridad.WCFService.ServiceContract.vbproj", "{BFB264EC-25C3-46CA-A9FC-6AECEE98B841}"
EndProject
Project("{F184B08F-C81C-45F6-A57F-5ABD9991F28F}") = "Helios.Seguridad.WCFService.MessageContract", "Helios.Seguridad.WCFService.MessageContract\Helios.Seguridad.WCFService.MessageContract.vbproj", "{C3FE8AEE-18A5-4001-9111-4FC138686BC6}"
EndProject
Project("{F184B08F-C81C-45F6-A57F-5ABD9991F28F}") = "Helios.Seguridad.WCFService.ServiceImplementation", "Helios.Seguridad.WCFService.ServiceImplementation\Helios.Seguridad.WCFService.ServiceImplementation.vbproj", "{0A0789E9-D005-4C67-88DA-B049F4A7142A}"
EndProject
Project("{F184B08F-C81C-45F6-A57F-5ABD9991F28F}") = "Helios.Seguridad.WCFService.ServiceAccess", "Helios.Seguridad.WCFService.ServiceAccess\Helios.Seguridad.WCFService.ServiceAccess.vbproj", "{65E22F89-3BBC-4448-9786-615125D27A63}"
EndProject
Project("{2150E333-8FDC-42A3-9474-1A3956D46DE8}") = "10_CAPA_PRUEBAS", "10_CAPA_PRUEBAS", "{9053E594-B1E9-4849-9AA0-5DDC13FB10BA}"
EndProject
Project("{F184B08F-C81C-45F6-A57F-5ABD9991F28F}") = "Helios.Cont.WCFHost.Test", "Helios.Cont.WCFHost.Test\Helios.Cont.WCFHost.Test.vbproj", "{8695BA71-4C1A-4F28-B3CC-C4AEC3BA61FD}"
EndProject
Project("{F184B08F-C81C-45F6-A57F-5ABD9991F28F}") = "Helios.Planilla.General", "Helios.Planilla.General\Helios.Planilla.General.vbproj", "{F711DE67-FCB6-4C5D-8AC8-52BFFAC83ABC}"
EndProject
Project("{F184B08F-C81C-45F6-A57F-5ABD9991F28F}") = "Helios.Planilla.Data.EF", "Helios.Planilla.Data.EF\Helios.Planilla.Data.EF.vbproj", "{773D366D-EC7B-43EF-A990-45E48AAB68E4}"
EndProject
Project("{F184B08F-C81C-45F6-A57F-5ABD9991F28F}") = "Helios.Planilla.Business.Entity", "Helios.Planilla.Business.Entity\Helios.Planilla.Business.Entity.vbproj", "{832373A4-EDCE-4917-824D-2497F8F57CFF}"
EndProject
Project("{F184B08F-C81C-45F6-A57F-5ABD9991F28F}") = "Helios.Planilla.Business.Logic", "Helios.Planilla.Business.Logic\Helios.Planilla.Business.Logic.vbproj", "{29A0B444-5894-4AFE-BD96-48E9574E9EBF}"
EndProject
Project("{F184B08F-C81C-45F6-A57F-5ABD9991F28F}") = "Helios.Planilla.WCFService.MessageContract", "Helios.Planilla.WCFService.MessageContract\Helios.Planilla.WCFService.MessageContract.vbproj", "{FAD87780-94EE-4C03-B94C-AC31E0B27C0A}"
EndProject
Project("{F184B08F-C81C-45F6-A57F-5ABD9991F28F}") = "Helios.Planilla.WCFService.ServiceContract", "Helios.Planilla.WCFService.ServiceContract\Helios.Planilla.WCFService.ServiceContract.vbproj", "{F78D4687-41DE-469F-B73F-C65A062E8552}"
EndProject
Project("{F184B08F-C81C-45F6-A57F-5ABD9991F28F}") = "Helios.Planilla.WCFService.ServiceImplementation", "Helios.Planilla.WCFService.ServiceImplementation\Helios.Planilla.WCFService.ServiceImplementation.vbproj", "{BA6C34DA-314E-468C-97CF-047D6FA8D48D}"
EndProject
Project("{F184B08F-C81C-45F6-A57F-5ABD9991F28F}") = "Helios.Planilla.WCFService.ServiceAccess", "Helios.Planilla.WCFService.ServiceAccess\Helios.Planilla.WCFService.ServiceAccess.vbproj", "{560B3200-62F9-41D3-8402-D72CD5DE489B}"
EndProject
Project("{F184B08F-C81C-45F6-A57F-5ABD9991F28F}") = "Helios.Seguridad.General", "Helios.Seguridad.General\Helios.Seguridad.General.vbproj", "{A8E24C90-23A9-4BCD-BB43-085BA1AB5674}"
EndProject
Project("{FAE04EC0-301F-11D3-BF4B-00C04F79EFBC}") = "Helios.Cont.Web", "Helios.Cont.Web\Helios.Cont.Web.csproj", "{4DDF3142-5A45-40A6-99A6-21F56B7DD084}"
EndProject
Project("{FAE04EC0-301F-11D3-BF4B-00C04F79EFBC}") = "Helios.Retail", "Helios.Retail\Helios.Retail.csproj", "{9D93C3CC-39A7-4E19-8C61-437318EB0440}"
EndProject
Project("{FAE04EC0-301F-11D3-BF4B-00C04F79EFBC}") = "Helios.SalesGeneral.Web", "Helios.SalesGeneral.Web\Helios.SalesGeneral.Web.csproj", "{91E07950-C808-4FAF-A6F3-B01B658A7B7A}"
EndProject
Project("{2150E333-8FDC-42A3-9474-1A3956D46DE8}") = "CAPA_API", "CAPA_API", "{C62F6F5C-17A9-412F-8B8F-8C0DD716DEAF}"
EndProject
Project("{FAE04EC0-301F-11D3-BF4B-00C04F79EFBC}") = "Helios.Web.API", "Helios.Web.API\Helios.Web.API.csproj", "{855121F8-F237-473F-A1CE-66D05D79097E}"
EndProject
Project("{2150E333-8FDC-42A3-9474-1A3956D46DE8}") = "CAPA_WEB", "CAPA_WEB", "{7F8C91A2-A4A7-4845-B99E-A114D933098E}"
EndProject
Project("{2150E333-8FDC-42A3-9474-1A3956D46DE8}") = "UNegocio", "UNegocio", "{AED23976-30FB-4CB7-BA65-ECEBC6C4582F}"
EndProject
Project("{FAE04EC0-301F-11D3-BF4B-00C04F79EFBC}") = "Model", "Model\Model.csproj", "{D59EE3BD-C86F-4F86-966D-1EEC773C2B26}"
EndProject
Project("{FAE04EC0-301F-11D3-BF4B-00C04F79EFBC}") = "Helper", "Helper\Helper.csproj", "{B74DA927-499C-463D-B73C-C430AEAFB159}"
EndProject
Project("{FAE04EC0-301F-11D3-BF4B-00C04F79EFBC}") = "Restaurant", "Restaurant\Restaurant.csproj", "{4FED07E8-5083-4310-A88E-63345320F412}"
EndProject
Global
	GlobalSection(SolutionConfigurationPlatforms) = preSolution
		Debug|Any CPU = Debug|Any CPU
		Debug|Mixed Platforms = Debug|Mixed Platforms
		Debug|x86 = Debug|x86
		Release|Any CPU = Release|Any CPU
		Release|Mixed Platforms = Release|Mixed Platforms
		Release|x86 = Release|x86
	EndGlobalSection
	GlobalSection(ProjectConfigurationPlatforms) = postSolution
		{1366F6FA-E886-46E1-8B60-3AEEB43CC5BF}.Debug|Any CPU.ActiveCfg = Debug|Any CPU
		{1366F6FA-E886-46E1-8B60-3AEEB43CC5BF}.Debug|Any CPU.Build.0 = Debug|Any CPU
		{1366F6FA-E886-46E1-8B60-3AEEB43CC5BF}.Debug|Mixed Platforms.ActiveCfg = Debug|Any CPU
		{1366F6FA-E886-46E1-8B60-3AEEB43CC5BF}.Debug|Mixed Platforms.Build.0 = Debug|Any CPU
		{1366F6FA-E886-46E1-8B60-3AEEB43CC5BF}.Debug|x86.ActiveCfg = Debug|Any CPU
		{1366F6FA-E886-46E1-8B60-3AEEB43CC5BF}.Release|Any CPU.ActiveCfg = Release|Any CPU
		{1366F6FA-E886-46E1-8B60-3AEEB43CC5BF}.Release|Any CPU.Build.0 = Release|Any CPU
		{1366F6FA-E886-46E1-8B60-3AEEB43CC5BF}.Release|Mixed Platforms.ActiveCfg = Release|Any CPU
		{1366F6FA-E886-46E1-8B60-3AEEB43CC5BF}.Release|Mixed Platforms.Build.0 = Release|Any CPU
		{1366F6FA-E886-46E1-8B60-3AEEB43CC5BF}.Release|x86.ActiveCfg = Release|Any CPU
		{48FA6C66-AD41-4CEB-85EB-530A8C02427C}.Debug|Any CPU.ActiveCfg = Debug|Any CPU
		{48FA6C66-AD41-4CEB-85EB-530A8C02427C}.Debug|Any CPU.Build.0 = Debug|Any CPU
		{48FA6C66-AD41-4CEB-85EB-530A8C02427C}.Debug|Mixed Platforms.ActiveCfg = Debug|Any CPU
		{48FA6C66-AD41-4CEB-85EB-530A8C02427C}.Debug|Mixed Platforms.Build.0 = Debug|Any CPU
		{48FA6C66-AD41-4CEB-85EB-530A8C02427C}.Debug|x86.ActiveCfg = Debug|Any CPU
		{48FA6C66-AD41-4CEB-85EB-530A8C02427C}.Release|Any CPU.ActiveCfg = Release|Any CPU
		{48FA6C66-AD41-4CEB-85EB-530A8C02427C}.Release|Any CPU.Build.0 = Release|Any CPU
		{48FA6C66-AD41-4CEB-85EB-530A8C02427C}.Release|Mixed Platforms.ActiveCfg = Release|Any CPU
		{48FA6C66-AD41-4CEB-85EB-530A8C02427C}.Release|Mixed Platforms.Build.0 = Release|Any CPU
		{48FA6C66-AD41-4CEB-85EB-530A8C02427C}.Release|x86.ActiveCfg = Release|Any CPU
		{EF04C027-06BB-42C7-B16D-CACA30098906}.Debug|Any CPU.ActiveCfg = Debug|Any CPU
		{EF04C027-06BB-42C7-B16D-CACA30098906}.Debug|Any CPU.Build.0 = Debug|Any CPU
		{EF04C027-06BB-42C7-B16D-CACA30098906}.Debug|Mixed Platforms.ActiveCfg = Debug|Any CPU
		{EF04C027-06BB-42C7-B16D-CACA30098906}.Debug|Mixed Platforms.Build.0 = Debug|Any CPU
		{EF04C027-06BB-42C7-B16D-CACA30098906}.Debug|x86.ActiveCfg = Debug|Any CPU
		{EF04C027-06BB-42C7-B16D-CACA30098906}.Release|Any CPU.ActiveCfg = Release|Any CPU
		{EF04C027-06BB-42C7-B16D-CACA30098906}.Release|Any CPU.Build.0 = Release|Any CPU
		{EF04C027-06BB-42C7-B16D-CACA30098906}.Release|Mixed Platforms.ActiveCfg = Release|Any CPU
		{EF04C027-06BB-42C7-B16D-CACA30098906}.Release|Mixed Platforms.Build.0 = Release|Any CPU
		{EF04C027-06BB-42C7-B16D-CACA30098906}.Release|x86.ActiveCfg = Release|Any CPU
		{AA4A8086-67C4-486E-BA77-09AD6D6AAC61}.Debug|Any CPU.ActiveCfg = Debug|Any CPU
		{AA4A8086-67C4-486E-BA77-09AD6D6AAC61}.Debug|Any CPU.Build.0 = Debug|Any CPU
		{AA4A8086-67C4-486E-BA77-09AD6D6AAC61}.Debug|Mixed Platforms.ActiveCfg = Debug|Any CPU
		{AA4A8086-67C4-486E-BA77-09AD6D6AAC61}.Debug|Mixed Platforms.Build.0 = Debug|Any CPU
		{AA4A8086-67C4-486E-BA77-09AD6D6AAC61}.Debug|x86.ActiveCfg = Debug|Any CPU
		{AA4A8086-67C4-486E-BA77-09AD6D6AAC61}.Release|Any CPU.ActiveCfg = Release|Any CPU
		{AA4A8086-67C4-486E-BA77-09AD6D6AAC61}.Release|Any CPU.Build.0 = Release|Any CPU
		{AA4A8086-67C4-486E-BA77-09AD6D6AAC61}.Release|Mixed Platforms.ActiveCfg = Release|Any CPU
		{AA4A8086-67C4-486E-BA77-09AD6D6AAC61}.Release|Mixed Platforms.Build.0 = Release|Any CPU
		{AA4A8086-67C4-486E-BA77-09AD6D6AAC61}.Release|x86.ActiveCfg = Release|Any CPU
		{F9CDB651-D02D-4A52-94BA-E049A82FF165}.Debug|Any CPU.ActiveCfg = Debug|Any CPU
		{F9CDB651-D02D-4A52-94BA-E049A82FF165}.Debug|Any CPU.Build.0 = Debug|Any CPU
		{F9CDB651-D02D-4A52-94BA-E049A82FF165}.Debug|Mixed Platforms.ActiveCfg = Debug|Any CPU
		{F9CDB651-D02D-4A52-94BA-E049A82FF165}.Debug|Mixed Platforms.Build.0 = Debug|Any CPU
		{F9CDB651-D02D-4A52-94BA-E049A82FF165}.Debug|x86.ActiveCfg = Debug|Any CPU
		{F9CDB651-D02D-4A52-94BA-E049A82FF165}.Release|Any CPU.ActiveCfg = Release|Any CPU
		{F9CDB651-D02D-4A52-94BA-E049A82FF165}.Release|Any CPU.Build.0 = Release|Any CPU
		{F9CDB651-D02D-4A52-94BA-E049A82FF165}.Release|Mixed Platforms.ActiveCfg = Release|Any CPU
		{F9CDB651-D02D-4A52-94BA-E049A82FF165}.Release|Mixed Platforms.Build.0 = Release|Any CPU
		{F9CDB651-D02D-4A52-94BA-E049A82FF165}.Release|x86.ActiveCfg = Release|Any CPU
		{FCB5C927-EB12-4AA8-B373-BA90B5FFC5FD}.Debug|Any CPU.ActiveCfg = Debug|Any CPU
		{FCB5C927-EB12-4AA8-B373-BA90B5FFC5FD}.Debug|Any CPU.Build.0 = Debug|Any CPU
		{FCB5C927-EB12-4AA8-B373-BA90B5FFC5FD}.Debug|Mixed Platforms.ActiveCfg = Debug|Any CPU
		{FCB5C927-EB12-4AA8-B373-BA90B5FFC5FD}.Debug|Mixed Platforms.Build.0 = Debug|Any CPU
		{FCB5C927-EB12-4AA8-B373-BA90B5FFC5FD}.Debug|x86.ActiveCfg = Debug|Any CPU
		{FCB5C927-EB12-4AA8-B373-BA90B5FFC5FD}.Release|Any CPU.ActiveCfg = Release|Any CPU
		{FCB5C927-EB12-4AA8-B373-BA90B5FFC5FD}.Release|Any CPU.Build.0 = Release|Any CPU
		{FCB5C927-EB12-4AA8-B373-BA90B5FFC5FD}.Release|Mixed Platforms.ActiveCfg = Release|Any CPU
		{FCB5C927-EB12-4AA8-B373-BA90B5FFC5FD}.Release|Mixed Platforms.Build.0 = Release|Any CPU
		{FCB5C927-EB12-4AA8-B373-BA90B5FFC5FD}.Release|x86.ActiveCfg = Release|Any CPU
		{D9336FAA-A29C-4C3F-8612-7A57211CBF44}.Debug|Any CPU.ActiveCfg = Debug|x86
		{D9336FAA-A29C-4C3F-8612-7A57211CBF44}.Debug|Mixed Platforms.ActiveCfg = Debug|x86
		{D9336FAA-A29C-4C3F-8612-7A57211CBF44}.Debug|Mixed Platforms.Build.0 = Debug|x86
		{D9336FAA-A29C-4C3F-8612-7A57211CBF44}.Debug|x86.ActiveCfg = Debug|x86
		{D9336FAA-A29C-4C3F-8612-7A57211CBF44}.Debug|x86.Build.0 = Debug|x86
		{D9336FAA-A29C-4C3F-8612-7A57211CBF44}.Release|Any CPU.ActiveCfg = Release|x86
		{D9336FAA-A29C-4C3F-8612-7A57211CBF44}.Release|Mixed Platforms.ActiveCfg = Release|x86
		{D9336FAA-A29C-4C3F-8612-7A57211CBF44}.Release|Mixed Platforms.Build.0 = Release|x86
		{D9336FAA-A29C-4C3F-8612-7A57211CBF44}.Release|x86.ActiveCfg = Release|x86
		{D9336FAA-A29C-4C3F-8612-7A57211CBF44}.Release|x86.Build.0 = Release|x86
		{3D096505-D407-4806-86F2-005438F5E1C1}.Debug|Any CPU.ActiveCfg = Debug|Any CPU
		{3D096505-D407-4806-86F2-005438F5E1C1}.Debug|Any CPU.Build.0 = Debug|Any CPU
		{3D096505-D407-4806-86F2-005438F5E1C1}.Debug|Mixed Platforms.ActiveCfg = Debug|Any CPU
		{3D096505-D407-4806-86F2-005438F5E1C1}.Debug|Mixed Platforms.Build.0 = Debug|Any CPU
		{3D096505-D407-4806-86F2-005438F5E1C1}.Debug|x86.ActiveCfg = Debug|Any CPU
		{3D096505-D407-4806-86F2-005438F5E1C1}.Release|Any CPU.ActiveCfg = Release|Any CPU
		{3D096505-D407-4806-86F2-005438F5E1C1}.Release|Any CPU.Build.0 = Release|Any CPU
		{3D096505-D407-4806-86F2-005438F5E1C1}.Release|Mixed Platforms.ActiveCfg = Release|Any CPU
		{3D096505-D407-4806-86F2-005438F5E1C1}.Release|Mixed Platforms.Build.0 = Release|Any CPU
		{3D096505-D407-4806-86F2-005438F5E1C1}.Release|x86.ActiveCfg = Release|Any CPU
		{6D035DF7-3E19-45CE-BE62-6299D8B2DC86}.Debug|Any CPU.ActiveCfg = Debug|Any CPU
		{6D035DF7-3E19-45CE-BE62-6299D8B2DC86}.Debug|Any CPU.Build.0 = Debug|Any CPU
		{6D035DF7-3E19-45CE-BE62-6299D8B2DC86}.Debug|Mixed Platforms.ActiveCfg = Debug|Any CPU
		{6D035DF7-3E19-45CE-BE62-6299D8B2DC86}.Debug|Mixed Platforms.Build.0 = Debug|Any CPU
		{6D035DF7-3E19-45CE-BE62-6299D8B2DC86}.Debug|x86.ActiveCfg = Debug|Any CPU
		{6D035DF7-3E19-45CE-BE62-6299D8B2DC86}.Release|Any CPU.ActiveCfg = Release|Any CPU
		{6D035DF7-3E19-45CE-BE62-6299D8B2DC86}.Release|Any CPU.Build.0 = Release|Any CPU
		{6D035DF7-3E19-45CE-BE62-6299D8B2DC86}.Release|Mixed Platforms.ActiveCfg = Release|Any CPU
		{6D035DF7-3E19-45CE-BE62-6299D8B2DC86}.Release|Mixed Platforms.Build.0 = Release|Any CPU
		{6D035DF7-3E19-45CE-BE62-6299D8B2DC86}.Release|x86.ActiveCfg = Release|Any CPU
		{6390360B-54EF-4BEA-B32F-D169292A6D34}.Debug|Any CPU.ActiveCfg = Debug|Any CPU
		{6390360B-54EF-4BEA-B32F-D169292A6D34}.Debug|Any CPU.Build.0 = Debug|Any CPU
		{6390360B-54EF-4BEA-B32F-D169292A6D34}.Debug|Mixed Platforms.ActiveCfg = Debug|Any CPU
		{6390360B-54EF-4BEA-B32F-D169292A6D34}.Debug|Mixed Platforms.Build.0 = Debug|Any CPU
		{6390360B-54EF-4BEA-B32F-D169292A6D34}.Debug|x86.ActiveCfg = Debug|Any CPU
		{6390360B-54EF-4BEA-B32F-D169292A6D34}.Release|Any CPU.ActiveCfg = Release|Any CPU
		{6390360B-54EF-4BEA-B32F-D169292A6D34}.Release|Any CPU.Build.0 = Release|Any CPU
		{6390360B-54EF-4BEA-B32F-D169292A6D34}.Release|Mixed Platforms.ActiveCfg = Release|Any CPU
		{6390360B-54EF-4BEA-B32F-D169292A6D34}.Release|Mixed Platforms.Build.0 = Release|Any CPU
		{6390360B-54EF-4BEA-B32F-D169292A6D34}.Release|x86.ActiveCfg = Release|Any CPU
		{56FF50EA-BA8E-4F3B-A844-F3D77A3691A1}.Debug|Any CPU.ActiveCfg = Debug|Any CPU
		{56FF50EA-BA8E-4F3B-A844-F3D77A3691A1}.Debug|Any CPU.Build.0 = Debug|Any CPU
		{56FF50EA-BA8E-4F3B-A844-F3D77A3691A1}.Debug|Mixed Platforms.ActiveCfg = Debug|Any CPU
		{56FF50EA-BA8E-4F3B-A844-F3D77A3691A1}.Debug|Mixed Platforms.Build.0 = Debug|Any CPU
		{56FF50EA-BA8E-4F3B-A844-F3D77A3691A1}.Debug|x86.ActiveCfg = Debug|Any CPU
		{56FF50EA-BA8E-4F3B-A844-F3D77A3691A1}.Release|Any CPU.ActiveCfg = Release|Any CPU
		{56FF50EA-BA8E-4F3B-A844-F3D77A3691A1}.Release|Any CPU.Build.0 = Release|Any CPU
		{56FF50EA-BA8E-4F3B-A844-F3D77A3691A1}.Release|Mixed Platforms.ActiveCfg = Release|Any CPU
		{56FF50EA-BA8E-4F3B-A844-F3D77A3691A1}.Release|Mixed Platforms.Build.0 = Release|Any CPU
		{56FF50EA-BA8E-4F3B-A844-F3D77A3691A1}.Release|x86.ActiveCfg = Release|Any CPU
		{BFB264EC-25C3-46CA-A9FC-6AECEE98B841}.Debug|Any CPU.ActiveCfg = Debug|Any CPU
		{BFB264EC-25C3-46CA-A9FC-6AECEE98B841}.Debug|Any CPU.Build.0 = Debug|Any CPU
		{BFB264EC-25C3-46CA-A9FC-6AECEE98B841}.Debug|Mixed Platforms.ActiveCfg = Debug|Any CPU
		{BFB264EC-25C3-46CA-A9FC-6AECEE98B841}.Debug|Mixed Platforms.Build.0 = Debug|Any CPU
		{BFB264EC-25C3-46CA-A9FC-6AECEE98B841}.Debug|x86.ActiveCfg = Debug|Any CPU
		{BFB264EC-25C3-46CA-A9FC-6AECEE98B841}.Release|Any CPU.ActiveCfg = Release|Any CPU
		{BFB264EC-25C3-46CA-A9FC-6AECEE98B841}.Release|Any CPU.Build.0 = Release|Any CPU
		{BFB264EC-25C3-46CA-A9FC-6AECEE98B841}.Release|Mixed Platforms.ActiveCfg = Release|Any CPU
		{BFB264EC-25C3-46CA-A9FC-6AECEE98B841}.Release|Mixed Platforms.Build.0 = Release|Any CPU
		{BFB264EC-25C3-46CA-A9FC-6AECEE98B841}.Release|x86.ActiveCfg = Release|Any CPU
		{C3FE8AEE-18A5-4001-9111-4FC138686BC6}.Debug|Any CPU.ActiveCfg = Debug|Any CPU
		{C3FE8AEE-18A5-4001-9111-4FC138686BC6}.Debug|Any CPU.Build.0 = Debug|Any CPU
		{C3FE8AEE-18A5-4001-9111-4FC138686BC6}.Debug|Mixed Platforms.ActiveCfg = Debug|Any CPU
		{C3FE8AEE-18A5-4001-9111-4FC138686BC6}.Debug|Mixed Platforms.Build.0 = Debug|Any CPU
		{C3FE8AEE-18A5-4001-9111-4FC138686BC6}.Debug|x86.ActiveCfg = Debug|Any CPU
		{C3FE8AEE-18A5-4001-9111-4FC138686BC6}.Release|Any CPU.ActiveCfg = Release|Any CPU
		{C3FE8AEE-18A5-4001-9111-4FC138686BC6}.Release|Any CPU.Build.0 = Release|Any CPU
		{C3FE8AEE-18A5-4001-9111-4FC138686BC6}.Release|Mixed Platforms.ActiveCfg = Release|Any CPU
		{C3FE8AEE-18A5-4001-9111-4FC138686BC6}.Release|Mixed Platforms.Build.0 = Release|Any CPU
		{C3FE8AEE-18A5-4001-9111-4FC138686BC6}.Release|x86.ActiveCfg = Release|Any CPU
		{0A0789E9-D005-4C67-88DA-B049F4A7142A}.Debug|Any CPU.ActiveCfg = Debug|Any CPU
		{0A0789E9-D005-4C67-88DA-B049F4A7142A}.Debug|Any CPU.Build.0 = Debug|Any CPU
		{0A0789E9-D005-4C67-88DA-B049F4A7142A}.Debug|Mixed Platforms.ActiveCfg = Debug|Any CPU
		{0A0789E9-D005-4C67-88DA-B049F4A7142A}.Debug|Mixed Platforms.Build.0 = Debug|Any CPU
		{0A0789E9-D005-4C67-88DA-B049F4A7142A}.Debug|x86.ActiveCfg = Debug|Any CPU
		{0A0789E9-D005-4C67-88DA-B049F4A7142A}.Release|Any CPU.ActiveCfg = Release|Any CPU
		{0A0789E9-D005-4C67-88DA-B049F4A7142A}.Release|Any CPU.Build.0 = Release|Any CPU
		{0A0789E9-D005-4C67-88DA-B049F4A7142A}.Release|Mixed Platforms.ActiveCfg = Release|Any CPU
		{0A0789E9-D005-4C67-88DA-B049F4A7142A}.Release|Mixed Platforms.Build.0 = Release|Any CPU
		{0A0789E9-D005-4C67-88DA-B049F4A7142A}.Release|x86.ActiveCfg = Release|Any CPU
		{65E22F89-3BBC-4448-9786-615125D27A63}.Debug|Any CPU.ActiveCfg = Debug|Any CPU
		{65E22F89-3BBC-4448-9786-615125D27A63}.Debug|Any CPU.Build.0 = Debug|Any CPU
		{65E22F89-3BBC-4448-9786-615125D27A63}.Debug|Mixed Platforms.ActiveCfg = Debug|Any CPU
		{65E22F89-3BBC-4448-9786-615125D27A63}.Debug|Mixed Platforms.Build.0 = Debug|Any CPU
		{65E22F89-3BBC-4448-9786-615125D27A63}.Debug|x86.ActiveCfg = Debug|Any CPU
		{65E22F89-3BBC-4448-9786-615125D27A63}.Release|Any CPU.ActiveCfg = Release|Any CPU
		{65E22F89-3BBC-4448-9786-615125D27A63}.Release|Any CPU.Build.0 = Release|Any CPU
		{65E22F89-3BBC-4448-9786-615125D27A63}.Release|Mixed Platforms.ActiveCfg = Release|Any CPU
		{65E22F89-3BBC-4448-9786-615125D27A63}.Release|Mixed Platforms.Build.0 = Release|Any CPU
		{65E22F89-3BBC-4448-9786-615125D27A63}.Release|x86.ActiveCfg = Release|Any CPU
		{8695BA71-4C1A-4F28-B3CC-C4AEC3BA61FD}.Debug|Any CPU.ActiveCfg = Debug|x86
		{8695BA71-4C1A-4F28-B3CC-C4AEC3BA61FD}.Debug|Mixed Platforms.ActiveCfg = Debug|x86
		{8695BA71-4C1A-4F28-B3CC-C4AEC3BA61FD}.Debug|Mixed Platforms.Build.0 = Debug|x86
		{8695BA71-4C1A-4F28-B3CC-C4AEC3BA61FD}.Debug|x86.ActiveCfg = Debug|x86
		{8695BA71-4C1A-4F28-B3CC-C4AEC3BA61FD}.Debug|x86.Build.0 = Debug|x86
		{8695BA71-4C1A-4F28-B3CC-C4AEC3BA61FD}.Release|Any CPU.ActiveCfg = Release|x86
		{8695BA71-4C1A-4F28-B3CC-C4AEC3BA61FD}.Release|Mixed Platforms.ActiveCfg = Release|x86
		{8695BA71-4C1A-4F28-B3CC-C4AEC3BA61FD}.Release|Mixed Platforms.Build.0 = Release|x86
		{8695BA71-4C1A-4F28-B3CC-C4AEC3BA61FD}.Release|x86.ActiveCfg = Release|x86
		{8695BA71-4C1A-4F28-B3CC-C4AEC3BA61FD}.Release|x86.Build.0 = Release|x86
		{F711DE67-FCB6-4C5D-8AC8-52BFFAC83ABC}.Debug|Any CPU.ActiveCfg = Debug|Any CPU
		{F711DE67-FCB6-4C5D-8AC8-52BFFAC83ABC}.Debug|Any CPU.Build.0 = Debug|Any CPU
		{F711DE67-FCB6-4C5D-8AC8-52BFFAC83ABC}.Debug|Mixed Platforms.ActiveCfg = Debug|Any CPU
		{F711DE67-FCB6-4C5D-8AC8-52BFFAC83ABC}.Debug|Mixed Platforms.Build.0 = Debug|Any CPU
		{F711DE67-FCB6-4C5D-8AC8-52BFFAC83ABC}.Debug|x86.ActiveCfg = Debug|Any CPU
		{F711DE67-FCB6-4C5D-8AC8-52BFFAC83ABC}.Release|Any CPU.ActiveCfg = Release|Any CPU
		{F711DE67-FCB6-4C5D-8AC8-52BFFAC83ABC}.Release|Any CPU.Build.0 = Release|Any CPU
		{F711DE67-FCB6-4C5D-8AC8-52BFFAC83ABC}.Release|Mixed Platforms.ActiveCfg = Release|Any CPU
		{F711DE67-FCB6-4C5D-8AC8-52BFFAC83ABC}.Release|Mixed Platforms.Build.0 = Release|Any CPU
		{F711DE67-FCB6-4C5D-8AC8-52BFFAC83ABC}.Release|x86.ActiveCfg = Release|Any CPU
		{773D366D-EC7B-43EF-A990-45E48AAB68E4}.Debug|Any CPU.ActiveCfg = Debug|Any CPU
		{773D366D-EC7B-43EF-A990-45E48AAB68E4}.Debug|Any CPU.Build.0 = Debug|Any CPU
		{773D366D-EC7B-43EF-A990-45E48AAB68E4}.Debug|Mixed Platforms.ActiveCfg = Debug|Any CPU
		{773D366D-EC7B-43EF-A990-45E48AAB68E4}.Debug|Mixed Platforms.Build.0 = Debug|Any CPU
		{773D366D-EC7B-43EF-A990-45E48AAB68E4}.Debug|x86.ActiveCfg = Debug|Any CPU
		{773D366D-EC7B-43EF-A990-45E48AAB68E4}.Release|Any CPU.ActiveCfg = Release|Any CPU
		{773D366D-EC7B-43EF-A990-45E48AAB68E4}.Release|Any CPU.Build.0 = Release|Any CPU
		{773D366D-EC7B-43EF-A990-45E48AAB68E4}.Release|Mixed Platforms.ActiveCfg = Release|Any CPU
		{773D366D-EC7B-43EF-A990-45E48AAB68E4}.Release|Mixed Platforms.Build.0 = Release|Any CPU
		{773D366D-EC7B-43EF-A990-45E48AAB68E4}.Release|x86.ActiveCfg = Release|Any CPU
		{832373A4-EDCE-4917-824D-2497F8F57CFF}.Debug|Any CPU.ActiveCfg = Debug|Any CPU
		{832373A4-EDCE-4917-824D-2497F8F57CFF}.Debug|Any CPU.Build.0 = Debug|Any CPU
		{832373A4-EDCE-4917-824D-2497F8F57CFF}.Debug|Mixed Platforms.ActiveCfg = Debug|Any CPU
		{832373A4-EDCE-4917-824D-2497F8F57CFF}.Debug|Mixed Platforms.Build.0 = Debug|Any CPU
		{832373A4-EDCE-4917-824D-2497F8F57CFF}.Debug|x86.ActiveCfg = Debug|Any CPU
		{832373A4-EDCE-4917-824D-2497F8F57CFF}.Release|Any CPU.ActiveCfg = Release|Any CPU
		{832373A4-EDCE-4917-824D-2497F8F57CFF}.Release|Any CPU.Build.0 = Release|Any CPU
		{832373A4-EDCE-4917-824D-2497F8F57CFF}.Release|Mixed Platforms.ActiveCfg = Release|Any CPU
		{832373A4-EDCE-4917-824D-2497F8F57CFF}.Release|Mixed Platforms.Build.0 = Release|Any CPU
		{832373A4-EDCE-4917-824D-2497F8F57CFF}.Release|x86.ActiveCfg = Release|Any CPU
		{29A0B444-5894-4AFE-BD96-48E9574E9EBF}.Debug|Any CPU.ActiveCfg = Debug|Any CPU
		{29A0B444-5894-4AFE-BD96-48E9574E9EBF}.Debug|Any CPU.Build.0 = Debug|Any CPU
		{29A0B444-5894-4AFE-BD96-48E9574E9EBF}.Debug|Mixed Platforms.ActiveCfg = Debug|Any CPU
		{29A0B444-5894-4AFE-BD96-48E9574E9EBF}.Debug|Mixed Platforms.Build.0 = Debug|Any CPU
		{29A0B444-5894-4AFE-BD96-48E9574E9EBF}.Debug|x86.ActiveCfg = Debug|Any CPU
		{29A0B444-5894-4AFE-BD96-48E9574E9EBF}.Release|Any CPU.ActiveCfg = Release|Any CPU
		{29A0B444-5894-4AFE-BD96-48E9574E9EBF}.Release|Any CPU.Build.0 = Release|Any CPU
		{29A0B444-5894-4AFE-BD96-48E9574E9EBF}.Release|Mixed Platforms.ActiveCfg = Release|Any CPU
		{29A0B444-5894-4AFE-BD96-48E9574E9EBF}.Release|Mixed Platforms.Build.0 = Release|Any CPU
		{29A0B444-5894-4AFE-BD96-48E9574E9EBF}.Release|x86.ActiveCfg = Release|Any CPU
		{FAD87780-94EE-4C03-B94C-AC31E0B27C0A}.Debug|Any CPU.ActiveCfg = Debug|Any CPU
		{FAD87780-94EE-4C03-B94C-AC31E0B27C0A}.Debug|Any CPU.Build.0 = Debug|Any CPU
		{FAD87780-94EE-4C03-B94C-AC31E0B27C0A}.Debug|Mixed Platforms.ActiveCfg = Debug|Any CPU
		{FAD87780-94EE-4C03-B94C-AC31E0B27C0A}.Debug|Mixed Platforms.Build.0 = Debug|Any CPU
		{FAD87780-94EE-4C03-B94C-AC31E0B27C0A}.Debug|x86.ActiveCfg = Debug|Any CPU
		{FAD87780-94EE-4C03-B94C-AC31E0B27C0A}.Release|Any CPU.ActiveCfg = Release|Any CPU
		{FAD87780-94EE-4C03-B94C-AC31E0B27C0A}.Release|Any CPU.Build.0 = Release|Any CPU
		{FAD87780-94EE-4C03-B94C-AC31E0B27C0A}.Release|Mixed Platforms.ActiveCfg = Release|Any CPU
		{FAD87780-94EE-4C03-B94C-AC31E0B27C0A}.Release|Mixed Platforms.Build.0 = Release|Any CPU
		{FAD87780-94EE-4C03-B94C-AC31E0B27C0A}.Release|x86.ActiveCfg = Release|Any CPU
		{F78D4687-41DE-469F-B73F-C65A062E8552}.Debug|Any CPU.ActiveCfg = Debug|Any CPU
		{F78D4687-41DE-469F-B73F-C65A062E8552}.Debug|Any CPU.Build.0 = Debug|Any CPU
		{F78D4687-41DE-469F-B73F-C65A062E8552}.Debug|Mixed Platforms.ActiveCfg = Debug|Any CPU
		{F78D4687-41DE-469F-B73F-C65A062E8552}.Debug|Mixed Platforms.Build.0 = Debug|Any CPU
		{F78D4687-41DE-469F-B73F-C65A062E8552}.Debug|x86.ActiveCfg = Debug|Any CPU
		{F78D4687-41DE-469F-B73F-C65A062E8552}.Release|Any CPU.ActiveCfg = Release|Any CPU
		{F78D4687-41DE-469F-B73F-C65A062E8552}.Release|Any CPU.Build.0 = Release|Any CPU
		{F78D4687-41DE-469F-B73F-C65A062E8552}.Release|Mixed Platforms.ActiveCfg = Release|Any CPU
		{F78D4687-41DE-469F-B73F-C65A062E8552}.Release|Mixed Platforms.Build.0 = Release|Any CPU
		{F78D4687-41DE-469F-B73F-C65A062E8552}.Release|x86.ActiveCfg = Release|Any CPU
		{BA6C34DA-314E-468C-97CF-047D6FA8D48D}.Debug|Any CPU.ActiveCfg = Debug|Any CPU
		{BA6C34DA-314E-468C-97CF-047D6FA8D48D}.Debug|Any CPU.Build.0 = Debug|Any CPU
		{BA6C34DA-314E-468C-97CF-047D6FA8D48D}.Debug|Mixed Platforms.ActiveCfg = Debug|Any CPU
		{BA6C34DA-314E-468C-97CF-047D6FA8D48D}.Debug|Mixed Platforms.Build.0 = Debug|Any CPU
		{BA6C34DA-314E-468C-97CF-047D6FA8D48D}.Debug|x86.ActiveCfg = Debug|Any CPU
		{BA6C34DA-314E-468C-97CF-047D6FA8D48D}.Release|Any CPU.ActiveCfg = Release|Any CPU
		{BA6C34DA-314E-468C-97CF-047D6FA8D48D}.Release|Any CPU.Build.0 = Release|Any CPU
		{BA6C34DA-314E-468C-97CF-047D6FA8D48D}.Release|Mixed Platforms.ActiveCfg = Release|Any CPU
		{BA6C34DA-314E-468C-97CF-047D6FA8D48D}.Release|Mixed Platforms.Build.0 = Release|Any CPU
		{BA6C34DA-314E-468C-97CF-047D6FA8D48D}.Release|x86.ActiveCfg = Release|Any CPU
		{560B3200-62F9-41D3-8402-D72CD5DE489B}.Debug|Any CPU.ActiveCfg = Debug|Any CPU
		{560B3200-62F9-41D3-8402-D72CD5DE489B}.Debug|Any CPU.Build.0 = Debug|Any CPU
		{560B3200-62F9-41D3-8402-D72CD5DE489B}.Debug|Mixed Platforms.ActiveCfg = Debug|Any CPU
		{560B3200-62F9-41D3-8402-D72CD5DE489B}.Debug|Mixed Platforms.Build.0 = Debug|Any CPU
		{560B3200-62F9-41D3-8402-D72CD5DE489B}.Debug|x86.ActiveCfg = Debug|Any CPU
		{560B3200-62F9-41D3-8402-D72CD5DE489B}.Release|Any CPU.ActiveCfg = Release|Any CPU
		{560B3200-62F9-41D3-8402-D72CD5DE489B}.Release|Any CPU.Build.0 = Release|Any CPU
		{560B3200-62F9-41D3-8402-D72CD5DE489B}.Release|Mixed Platforms.ActiveCfg = Release|Any CPU
		{560B3200-62F9-41D3-8402-D72CD5DE489B}.Release|Mixed Platforms.Build.0 = Release|Any CPU
		{560B3200-62F9-41D3-8402-D72CD5DE489B}.Release|x86.ActiveCfg = Release|Any CPU
		{A8E24C90-23A9-4BCD-BB43-085BA1AB5674}.Debug|Any CPU.ActiveCfg = Debug|Any CPU
		{A8E24C90-23A9-4BCD-BB43-085BA1AB5674}.Debug|Any CPU.Build.0 = Debug|Any CPU
		{A8E24C90-23A9-4BCD-BB43-085BA1AB5674}.Debug|Mixed Platforms.ActiveCfg = Debug|Any CPU
		{A8E24C90-23A9-4BCD-BB43-085BA1AB5674}.Debug|Mixed Platforms.Build.0 = Debug|Any CPU
		{A8E24C90-23A9-4BCD-BB43-085BA1AB5674}.Debug|x86.ActiveCfg = Debug|Any CPU
		{A8E24C90-23A9-4BCD-BB43-085BA1AB5674}.Debug|x86.Build.0 = Debug|Any CPU
		{A8E24C90-23A9-4BCD-BB43-085BA1AB5674}.Release|Any CPU.ActiveCfg = Release|Any CPU
		{A8E24C90-23A9-4BCD-BB43-085BA1AB5674}.Release|Any CPU.Build.0 = Release|Any CPU
		{A8E24C90-23A9-4BCD-BB43-085BA1AB5674}.Release|Mixed Platforms.ActiveCfg = Release|Any CPU
		{A8E24C90-23A9-4BCD-BB43-085BA1AB5674}.Release|Mixed Platforms.Build.0 = Release|Any CPU
		{A8E24C90-23A9-4BCD-BB43-085BA1AB5674}.Release|x86.ActiveCfg = Release|Any CPU
		{A8E24C90-23A9-4BCD-BB43-085BA1AB5674}.Release|x86.Build.0 = Release|Any CPU
		{4DDF3142-5A45-40A6-99A6-21F56B7DD084}.Debug|Any CPU.ActiveCfg = Debug|Any CPU
		{4DDF3142-5A45-40A6-99A6-21F56B7DD084}.Debug|Any CPU.Build.0 = Debug|Any CPU
		{4DDF3142-5A45-40A6-99A6-21F56B7DD084}.Debug|Mixed Platforms.ActiveCfg = Debug|Any CPU
		{4DDF3142-5A45-40A6-99A6-21F56B7DD084}.Debug|Mixed Platforms.Build.0 = Debug|Any CPU
		{4DDF3142-5A45-40A6-99A6-21F56B7DD084}.Debug|x86.ActiveCfg = Debug|Any CPU
		{4DDF3142-5A45-40A6-99A6-21F56B7DD084}.Debug|x86.Build.0 = Debug|Any CPU
		{4DDF3142-5A45-40A6-99A6-21F56B7DD084}.Release|Any CPU.ActiveCfg = Release|Any CPU
		{4DDF3142-5A45-40A6-99A6-21F56B7DD084}.Release|Any CPU.Build.0 = Release|Any CPU
		{4DDF3142-5A45-40A6-99A6-21F56B7DD084}.Release|Mixed Platforms.ActiveCfg = Release|Any CPU
		{4DDF3142-5A45-40A6-99A6-21F56B7DD084}.Release|Mixed Platforms.Build.0 = Release|Any CPU
		{4DDF3142-5A45-40A6-99A6-21F56B7DD084}.Release|x86.ActiveCfg = Release|Any CPU
		{4DDF3142-5A45-40A6-99A6-21F56B7DD084}.Release|x86.Build.0 = Release|Any CPU
		{9D93C3CC-39A7-4E19-8C61-437318EB0440}.Debug|Any CPU.ActiveCfg = Debug|Any CPU
		{9D93C3CC-39A7-4E19-8C61-437318EB0440}.Debug|Any CPU.Build.0 = Debug|Any CPU
		{9D93C3CC-39A7-4E19-8C61-437318EB0440}.Debug|Mixed Platforms.ActiveCfg = Debug|Any CPU
		{9D93C3CC-39A7-4E19-8C61-437318EB0440}.Debug|Mixed Platforms.Build.0 = Debug|Any CPU
		{9D93C3CC-39A7-4E19-8C61-437318EB0440}.Debug|x86.ActiveCfg = Debug|Any CPU
		{9D93C3CC-39A7-4E19-8C61-437318EB0440}.Debug|x86.Build.0 = Debug|Any CPU
		{9D93C3CC-39A7-4E19-8C61-437318EB0440}.Release|Any CPU.ActiveCfg = Release|Any CPU
		{9D93C3CC-39A7-4E19-8C61-437318EB0440}.Release|Any CPU.Build.0 = Release|Any CPU
		{9D93C3CC-39A7-4E19-8C61-437318EB0440}.Release|Mixed Platforms.ActiveCfg = Release|Any CPU
		{9D93C3CC-39A7-4E19-8C61-437318EB0440}.Release|Mixed Platforms.Build.0 = Release|Any CPU
		{9D93C3CC-39A7-4E19-8C61-437318EB0440}.Release|x86.ActiveCfg = Release|Any CPU
		{9D93C3CC-39A7-4E19-8C61-437318EB0440}.Release|x86.Build.0 = Release|Any CPU
		{91E07950-C808-4FAF-A6F3-B01B658A7B7A}.Debug|Any CPU.ActiveCfg = Debug|Any CPU
		{91E07950-C808-4FAF-A6F3-B01B658A7B7A}.Debug|Any CPU.Build.0 = Debug|Any CPU
		{91E07950-C808-4FAF-A6F3-B01B658A7B7A}.Debug|Mixed Platforms.ActiveCfg = Debug|Any CPU
		{91E07950-C808-4FAF-A6F3-B01B658A7B7A}.Debug|Mixed Platforms.Build.0 = Debug|Any CPU
		{91E07950-C808-4FAF-A6F3-B01B658A7B7A}.Debug|x86.ActiveCfg = Debug|Any CPU
		{91E07950-C808-4FAF-A6F3-B01B658A7B7A}.Debug|x86.Build.0 = Debug|Any CPU
		{91E07950-C808-4FAF-A6F3-B01B658A7B7A}.Release|Any CPU.ActiveCfg = Release|Any CPU
		{91E07950-C808-4FAF-A6F3-B01B658A7B7A}.Release|Any CPU.Build.0 = Release|Any CPU
		{91E07950-C808-4FAF-A6F3-B01B658A7B7A}.Release|Mixed Platforms.ActiveCfg = Release|Any CPU
		{91E07950-C808-4FAF-A6F3-B01B658A7B7A}.Release|Mixed Platforms.Build.0 = Release|Any CPU
		{91E07950-C808-4FAF-A6F3-B01B658A7B7A}.Release|x86.ActiveCfg = Release|Any CPU
		{91E07950-C808-4FAF-A6F3-B01B658A7B7A}.Release|x86.Build.0 = Release|Any CPU
		{855121F8-F237-473F-A1CE-66D05D79097E}.Debug|Any CPU.ActiveCfg = Debug|Any CPU
		{855121F8-F237-473F-A1CE-66D05D79097E}.Debug|Any CPU.Build.0 = Debug|Any CPU
		{855121F8-F237-473F-A1CE-66D05D79097E}.Debug|Mixed Platforms.ActiveCfg = Debug|Any CPU
		{855121F8-F237-473F-A1CE-66D05D79097E}.Debug|Mixed Platforms.Build.0 = Debug|Any CPU
		{855121F8-F237-473F-A1CE-66D05D79097E}.Debug|x86.ActiveCfg = Debug|Any CPU
		{855121F8-F237-473F-A1CE-66D05D79097E}.Debug|x86.Build.0 = Debug|Any CPU
		{855121F8-F237-473F-A1CE-66D05D79097E}.Release|Any CPU.ActiveCfg = Release|Any CPU
		{855121F8-F237-473F-A1CE-66D05D79097E}.Release|Any CPU.Build.0 = Release|Any CPU
		{855121F8-F237-473F-A1CE-66D05D79097E}.Release|Mixed Platforms.ActiveCfg = Release|Any CPU
		{855121F8-F237-473F-A1CE-66D05D79097E}.Release|Mixed Platforms.Build.0 = Release|Any CPU
		{855121F8-F237-473F-A1CE-66D05D79097E}.Release|x86.ActiveCfg = Release|Any CPU
		{855121F8-F237-473F-A1CE-66D05D79097E}.Release|x86.Build.0 = Release|Any CPU
		{D59EE3BD-C86F-4F86-966D-1EEC773C2B26}.Debug|Any CPU.ActiveCfg = Debug|Any CPU
		{D59EE3BD-C86F-4F86-966D-1EEC773C2B26}.Debug|Any CPU.Build.0 = Debug|Any CPU
		{D59EE3BD-C86F-4F86-966D-1EEC773C2B26}.Debug|Mixed Platforms.ActiveCfg = Debug|Any CPU
		{D59EE3BD-C86F-4F86-966D-1EEC773C2B26}.Debug|Mixed Platforms.Build.0 = Debug|Any CPU
		{D59EE3BD-C86F-4F86-966D-1EEC773C2B26}.Debug|x86.ActiveCfg = Debug|Any CPU
		{D59EE3BD-C86F-4F86-966D-1EEC773C2B26}.Debug|x86.Build.0 = Debug|Any CPU
		{D59EE3BD-C86F-4F86-966D-1EEC773C2B26}.Release|Any CPU.ActiveCfg = Release|Any CPU
		{D59EE3BD-C86F-4F86-966D-1EEC773C2B26}.Release|Any CPU.Build.0 = Release|Any CPU
		{D59EE3BD-C86F-4F86-966D-1EEC773C2B26}.Release|Mixed Platforms.ActiveCfg = Release|Any CPU
		{D59EE3BD-C86F-4F86-966D-1EEC773C2B26}.Release|Mixed Platforms.Build.0 = Release|Any CPU
		{D59EE3BD-C86F-4F86-966D-1EEC773C2B26}.Release|x86.ActiveCfg = Release|Any CPU
		{D59EE3BD-C86F-4F86-966D-1EEC773C2B26}.Release|x86.Build.0 = Release|Any CPU
		{B74DA927-499C-463D-B73C-C430AEAFB159}.Debug|Any CPU.ActiveCfg = Debug|Any CPU
		{B74DA927-499C-463D-B73C-C430AEAFB159}.Debug|Any CPU.Build.0 = Debug|Any CPU
		{B74DA927-499C-463D-B73C-C430AEAFB159}.Debug|Mixed Platforms.ActiveCfg = Debug|Any CPU
		{B74DA927-499C-463D-B73C-C430AEAFB159}.Debug|Mixed Platforms.Build.0 = Debug|Any CPU
		{B74DA927-499C-463D-B73C-C430AEAFB159}.Debug|x86.ActiveCfg = Debug|Any CPU
		{B74DA927-499C-463D-B73C-C430AEAFB159}.Debug|x86.Build.0 = Debug|Any CPU
		{B74DA927-499C-463D-B73C-C430AEAFB159}.Release|Any CPU.ActiveCfg = Release|Any CPU
		{B74DA927-499C-463D-B73C-C430AEAFB159}.Release|Any CPU.Build.0 = Release|Any CPU
		{B74DA927-499C-463D-B73C-C430AEAFB159}.Release|Mixed Platforms.ActiveCfg = Release|Any CPU
		{B74DA927-499C-463D-B73C-C430AEAFB159}.Release|Mixed Platforms.Build.0 = Release|Any CPU
		{B74DA927-499C-463D-B73C-C430AEAFB159}.Release|x86.ActiveCfg = Release|Any CPU
		{B74DA927-499C-463D-B73C-C430AEAFB159}.Release|x86.Build.0 = Release|Any CPU
		{4FED07E8-5083-4310-A88E-63345320F412}.Debug|Any CPU.ActiveCfg = Debug|Any CPU
		{4FED07E8-5083-4310-A88E-63345320F412}.Debug|Any CPU.Build.0 = Debug|Any CPU
		{4FED07E8-5083-4310-A88E-63345320F412}.Debug|Mixed Platforms.ActiveCfg = Debug|Any CPU
		{4FED07E8-5083-4310-A88E-63345320F412}.Debug|Mixed Platforms.Build.0 = Debug|Any CPU
		{4FED07E8-5083-4310-A88E-63345320F412}.Debug|x86.ActiveCfg = Debug|Any CPU
		{4FED07E8-5083-4310-A88E-63345320F412}.Debug|x86.Build.0 = Debug|Any CPU
		{4FED07E8-5083-4310-A88E-63345320F412}.Release|Any CPU.ActiveCfg = Release|Any CPU
		{4FED07E8-5083-4310-A88E-63345320F412}.Release|Any CPU.Build.0 = Release|Any CPU
		{4FED07E8-5083-4310-A88E-63345320F412}.Release|Mixed Platforms.ActiveCfg = Release|Any CPU
		{4FED07E8-5083-4310-A88E-63345320F412}.Release|Mixed Platforms.Build.0 = Release|Any CPU
		{4FED07E8-5083-4310-A88E-63345320F412}.Release|x86.ActiveCfg = Release|Any CPU
		{4FED07E8-5083-4310-A88E-63345320F412}.Release|x86.Build.0 = Release|Any CPU
	EndGlobalSection
	GlobalSection(SolutionProperties) = preSolution
		HideSolutionNode = FALSE
	EndGlobalSection
	GlobalSection(NestedProjects) = preSolution
		{1366F6FA-E886-46E1-8B60-3AEEB43CC5BF} = {085C386B-DD18-4D96-931A-47B0FCEC249B}
		{48FA6C66-AD41-4CEB-85EB-530A8C02427C} = {B0BF1667-70F3-4A01-B753-66C665E7E0EF}
		{EF04C027-06BB-42C7-B16D-CACA30098906} = {B0BF1667-70F3-4A01-B753-66C665E7E0EF}
		{AA4A8086-67C4-486E-BA77-09AD6D6AAC61} = {D860DBB6-BFB1-406D-8E74-442F979D6A25}
		{F9CDB651-D02D-4A52-94BA-E049A82FF165} = {BEE0BD73-78A7-4903-A29B-5E3DC10C020D}
		{FCB5C927-EB12-4AA8-B373-BA90B5FFC5FD} = {BEE0BD73-78A7-4903-A29B-5E3DC10C020D}
		{D9336FAA-A29C-4C3F-8612-7A57211CBF44} = {25B330F2-8B98-497A-A030-EC2C583C7CCB}
		{3D096505-D407-4806-86F2-005438F5E1C1} = {25B330F2-8B98-497A-A030-EC2C583C7CCB}
		{6D035DF7-3E19-45CE-BE62-6299D8B2DC86} = {085C386B-DD18-4D96-931A-47B0FCEC249B}
		{6390360B-54EF-4BEA-B32F-D169292A6D34} = {B0BF1667-70F3-4A01-B753-66C665E7E0EF}
		{56FF50EA-BA8E-4F3B-A844-F3D77A3691A1} = {B0BF1667-70F3-4A01-B753-66C665E7E0EF}
		{BFB264EC-25C3-46CA-A9FC-6AECEE98B841} = {BEE0BD73-78A7-4903-A29B-5E3DC10C020D}
		{C3FE8AEE-18A5-4001-9111-4FC138686BC6} = {BEE0BD73-78A7-4903-A29B-5E3DC10C020D}
		{0A0789E9-D005-4C67-88DA-B049F4A7142A} = {BEE0BD73-78A7-4903-A29B-5E3DC10C020D}
		{65E22F89-3BBC-4448-9786-615125D27A63} = {25B330F2-8B98-497A-A030-EC2C583C7CCB}
		{8695BA71-4C1A-4F28-B3CC-C4AEC3BA61FD} = {9053E594-B1E9-4849-9AA0-5DDC13FB10BA}
		{F711DE67-FCB6-4C5D-8AC8-52BFFAC83ABC} = {D860DBB6-BFB1-406D-8E74-442F979D6A25}
		{773D366D-EC7B-43EF-A990-45E48AAB68E4} = {085C386B-DD18-4D96-931A-47B0FCEC249B}
		{832373A4-EDCE-4917-824D-2497F8F57CFF} = {B0BF1667-70F3-4A01-B753-66C665E7E0EF}
		{29A0B444-5894-4AFE-BD96-48E9574E9EBF} = {B0BF1667-70F3-4A01-B753-66C665E7E0EF}
		{FAD87780-94EE-4C03-B94C-AC31E0B27C0A} = {BEE0BD73-78A7-4903-A29B-5E3DC10C020D}
		{F78D4687-41DE-469F-B73F-C65A062E8552} = {BEE0BD73-78A7-4903-A29B-5E3DC10C020D}
		{BA6C34DA-314E-468C-97CF-047D6FA8D48D} = {BEE0BD73-78A7-4903-A29B-5E3DC10C020D}
		{560B3200-62F9-41D3-8402-D72CD5DE489B} = {25B330F2-8B98-497A-A030-EC2C583C7CCB}
		{A8E24C90-23A9-4BCD-BB43-085BA1AB5674} = {D860DBB6-BFB1-406D-8E74-442F979D6A25}
		{4DDF3142-5A45-40A6-99A6-21F56B7DD084} = {25B330F2-8B98-497A-A030-EC2C583C7CCB}
		{9D93C3CC-39A7-4E19-8C61-437318EB0440} = {25B330F2-8B98-497A-A030-EC2C583C7CCB}
		{91E07950-C808-4FAF-A6F3-B01B658A7B7A} = {25B330F2-8B98-497A-A030-EC2C583C7CCB}
		{855121F8-F237-473F-A1CE-66D05D79097E} = {C62F6F5C-17A9-412F-8B8F-8C0DD716DEAF}
		{AED23976-30FB-4CB7-BA65-ECEBC6C4582F} = {7F8C91A2-A4A7-4845-B99E-A114D933098E}
		{D59EE3BD-C86F-4F86-966D-1EEC773C2B26} = {AED23976-30FB-4CB7-BA65-ECEBC6C4582F}
		{B74DA927-499C-463D-B73C-C430AEAFB159} = {AED23976-30FB-4CB7-BA65-ECEBC6C4582F}
		{4FED07E8-5083-4310-A88E-63345320F412} = {AED23976-30FB-4CB7-BA65-ECEBC6C4582F}
	EndGlobalSection
	GlobalSection(ExtensibilityGlobals) = postSolution
		SolutionGuid = {FFBEF96C-23D4-4647-B928-8C4B907C84CC}
	EndGlobalSection
EndGlobal
